
Microsoft Visual Studio Solution File, Format Version 12.00
# Visual Studio 15
VisualStudioVersion = 15.0.28307.489
MinimumVisualStudioVersion = 10.0.40219.1
Project("{FAE04EC0-301F-11D3-BF4B-00C04F79EFBC}") = "oef53", "oef53\oef53.csproj", "{B80AC557-3DB5-45E9-A72B-913598401797}"
EndProject
Global
	GlobalSection(SolutionConfigurationPlatforms) = preSolution
		Debug|Any CPU = Debug|Any CPU
		Release|Any CPU = Release|Any CPU
	EndGlobalSection
	GlobalSection(ProjectConfigurationPlatforms) = postSolution
		{B80AC557-3DB5-45E9-A72B-913598401797}.Debug|Any CPU.ActiveCfg = Debug|Any CPU
		{B80AC557-3DB5-45E9-A72B-913598401797}.Debug|Any CPU.Build.0 = Debug|Any CPU
		{B80AC557-3DB5-45E9-A72B-913598401797}.Release|Any CPU.ActiveCfg = Release|Any CPU
		{B80AC557-3DB5-45E9-A72B-913598401797}.Release|Any CPU.Build.0 = Release|Any CPU
	EndGlobalSection
	GlobalSection(SolutionProperties) = preSolution
		HideSolutionNode = FALSE
	EndGlobalSection
	GlobalSection(ExtensibilityGlobals) = postSolution
		SolutionGuid = {5BEFEF6E-2C54-4309-BB05-EE25B0EC6550}
	EndGlobalSection
EndGlobal
